
Microsoft Visual Studio Solution File, Format Version 12.00
# Visual Studio Version 17
VisualStudioVersion = 17.10.35122.118
MinimumVisualStudioVersion = 10.0.40219.1
Project("{FAE04EC0-301F-11D3-BF4B-00C04F79EFBC}") = "FundamentosOO", "FundamentosOO\FundamentosOO.csproj", "{581216E5-81BA-4FB9-9559-FE86EFC01909}"
EndProject
Global
	GlobalSection(SolutionConfigurationPlatforms) = preSolution
		Debug|Any CPU = Debug|Any CPU
		Release|Any CPU = Release|Any CPU
	EndGlobalSection
	GlobalSection(ProjectConfigurationPlatforms) = postSolution
		{581216E5-81BA-4FB9-9559-FE86EFC01909}.Debug|Any CPU.ActiveCfg = Debug|Any CPU
		{581216E5-81BA-4FB9-9559-FE86EFC01909}.Debug|Any CPU.Build.0 = Debug|Any CPU
		{581216E5-81BA-4FB9-9559-FE86EFC01909}.Release|Any CPU.ActiveCfg = Release|Any CPU
		{581216E5-81BA-4FB9-9559-FE86EFC01909}.Release|Any CPU.Build.0 = Release|Any CPU
	EndGlobalSection
	GlobalSection(SolutionProperties) = preSolution
		HideSolutionNode = FALSE
	EndGlobalSection
	GlobalSection(ExtensibilityGlobals) = postSolution
		SolutionGuid = {19E995DF-213F-4DA8-84DB-F3A20BFAB1ED}
	EndGlobalSection
EndGlobal
